
Microsoft Visual Studio Solution File, Format Version 12.00
# Visual Studio Version 17
VisualStudioVersion = 17.1.32421.90
MinimumVisualStudioVersion = 10.0.40219.1
Project("{FAE04EC0-301F-11D3-BF4B-00C04F79EFBC}") = "BankTransaction", "BankTransaction\BankTransaction.csproj", "{C14ADF77-5274-4BD3-9BE0-85F48906ACE4}"
EndProject
Project("{2150E333-8FDC-42A3-9474-1A3956D46DE8}") = "Solution Items", "Solution Items", "{FA3040EE-84EC-4259-A104-BE63C90729D3}"
	ProjectSection(SolutionItems) = preProject
		.editorconfig = .editorconfig
	EndProjectSection
EndProject
Global
	GlobalSection(SolutionConfigurationPlatforms) = preSolution
		Debug|Any CPU = Debug|Any CPU
		Release|Any CPU = Release|Any CPU
	EndGlobalSection
	GlobalSection(ProjectConfigurationPlatforms) = postSolution
		{C14ADF77-5274-4BD3-9BE0-85F48906ACE4}.Debug|Any CPU.ActiveCfg = Debug|Any CPU
		{C14ADF77-5274-4BD3-9BE0-85F48906ACE4}.Debug|Any CPU.Build.0 = Debug|Any CPU
		{C14ADF77-5274-4BD3-9BE0-85F48906ACE4}.Release|Any CPU.ActiveCfg = Release|Any CPU
		{C14ADF77-5274-4BD3-9BE0-85F48906ACE4}.Release|Any CPU.Build.0 = Release|Any CPU
	EndGlobalSection
	GlobalSection(SolutionProperties) = preSolution
		HideSolutionNode = FALSE
	EndGlobalSection
	GlobalSection(ExtensibilityGlobals) = postSolution
		SolutionGuid = {DCF7868F-E155-4E25-B7FE-BE84D9CB3286}
	EndGlobalSection
EndGlobal
